
Microsoft Visual Studio Solution File, Format Version 12.00
# Visual Studio 2012
Project("{8BC9CEB8-8B4A-11D0-8D11-00A0C91BC942}") = "ExecuteData2", "ExecuteData2\ExecuteData2.vcxproj", "{BADC64CC-DDE0-4601-9488-D2B8C3B88B05}"
EndProject
Global
	GlobalSection(SolutionConfigurationPlatforms) = preSolution
		Debug|Win32 = Debug|Win32
		Release|Win32 = Release|Win32
	EndGlobalSection
	GlobalSection(ProjectConfigurationPlatforms) = postSolution
		{BADC64CC-DDE0-4601-9488-D2B8C3B88B05}.Debug|Win32.ActiveCfg = Debug|Win32
		{BADC64CC-DDE0-4601-9488-D2B8C3B88B05}.Debug|Win32.Build.0 = Debug|Win32
		{BADC64CC-DDE0-4601-9488-D2B8C3B88B05}.Release|Win32.ActiveCfg = Release|Win32
		{BADC64CC-DDE0-4601-9488-D2B8C3B88B05}.Release|Win32.Build.0 = Release|Win32
	EndGlobalSection
	GlobalSection(SolutionProperties) = preSolution
		HideSolutionNode = FALSE
	EndGlobalSection
EndGlobal
