
Microsoft Visual Studio Solution File, Format Version 10.00
# Visual C++ Express 2008
Project("{8BC9CEB8-8B4A-11D0-8D11-00A0C91BC942}") = "exait_gui", "exait_gui\exait_gui.vcproj", "{871A17EA-3C17-49ED-85D0-AC2F98FE0FE6}"
EndProject
Global
	GlobalSection(SolutionConfigurationPlatforms) = preSolution
		Debug|Win32 = Debug|Win32
		Release|Win32 = Release|Win32
	EndGlobalSection
	GlobalSection(ProjectConfigurationPlatforms) = postSolution
		{871A17EA-3C17-49ED-85D0-AC2F98FE0FE6}.Debug|Win32.ActiveCfg = Debug|Win32
		{871A17EA-3C17-49ED-85D0-AC2F98FE0FE6}.Debug|Win32.Build.0 = Debug|Win32
		{871A17EA-3C17-49ED-85D0-AC2F98FE0FE6}.Release|Win32.ActiveCfg = Release|Win32
		{871A17EA-3C17-49ED-85D0-AC2F98FE0FE6}.Release|Win32.Build.0 = Release|Win32
	EndGlobalSection
	GlobalSection(SolutionProperties) = preSolution
		HideSolutionNode = FALSE
	EndGlobalSection
EndGlobal
