
Microsoft Visual Studio Solution File, Format Version 10.00
# Visual C++ Express 2008
Project("{8BC9CEB8-8B4A-11D0-8D11-00A0C91BC942}") = "detect_by_fsave", "detect_by_fsave\detect_by_fsave.vcproj", "{14EC67FD-DC13-4767-8BC9-08C9CED4A96D}"
EndProject
Global
	GlobalSection(SolutionConfigurationPlatforms) = preSolution
		Debug|Win32 = Debug|Win32
		Release|Win32 = Release|Win32
	EndGlobalSection
	GlobalSection(ProjectConfigurationPlatforms) = postSolution
		{14EC67FD-DC13-4767-8BC9-08C9CED4A96D}.Debug|Win32.ActiveCfg = Debug|Win32
		{14EC67FD-DC13-4767-8BC9-08C9CED4A96D}.Debug|Win32.Build.0 = Debug|Win32
		{14EC67FD-DC13-4767-8BC9-08C9CED4A96D}.Release|Win32.ActiveCfg = Release|Win32
		{14EC67FD-DC13-4767-8BC9-08C9CED4A96D}.Release|Win32.Build.0 = Release|Win32
	EndGlobalSection
	GlobalSection(SolutionProperties) = preSolution
		HideSolutionNode = FALSE
	EndGlobalSection
EndGlobal
