
Microsoft Visual Studio Solution File, Format Version 12.00
# Visual Studio 2012
Project("{8BC9CEB8-8B4A-11D0-8D11-00A0C91BC942}") = "ExecuteUnmap1", "ExecuteUnmap1\ExecuteUnmap1.vcxproj", "{84FA1E03-C8FF-4EA1-B936-84C9516856D2}"
EndProject
Global
	GlobalSection(SolutionConfigurationPlatforms) = preSolution
		Debug|Win32 = Debug|Win32
		Release|Win32 = Release|Win32
	EndGlobalSection
	GlobalSection(ProjectConfigurationPlatforms) = postSolution
		{84FA1E03-C8FF-4EA1-B936-84C9516856D2}.Debug|Win32.ActiveCfg = Debug|Win32
		{84FA1E03-C8FF-4EA1-B936-84C9516856D2}.Debug|Win32.Build.0 = Debug|Win32
		{84FA1E03-C8FF-4EA1-B936-84C9516856D2}.Release|Win32.ActiveCfg = Release|Win32
		{84FA1E03-C8FF-4EA1-B936-84C9516856D2}.Release|Win32.Build.0 = Release|Win32
	EndGlobalSection
	GlobalSection(SolutionProperties) = preSolution
		HideSolutionNode = FALSE
	EndGlobalSection
EndGlobal
