
Microsoft Visual Studio Solution File, Format Version 12.00
# Visual Studio 2012
Project("{8BC9CEB8-8B4A-11D0-8D11-00A0C91BC942}") = "FpuContext2", "FpuContext2\FpuContext2.vcxproj", "{C124F16C-3FD8-42F7-A7B2-3C14C5911F0C}"
EndProject
Global
	GlobalSection(SolutionConfigurationPlatforms) = preSolution
		Debug|Win32 = Debug|Win32
		Release|Win32 = Release|Win32
	EndGlobalSection
	GlobalSection(ProjectConfigurationPlatforms) = postSolution
		{C124F16C-3FD8-42F7-A7B2-3C14C5911F0C}.Debug|Win32.ActiveCfg = Debug|Win32
		{C124F16C-3FD8-42F7-A7B2-3C14C5911F0C}.Debug|Win32.Build.0 = Debug|Win32
		{C124F16C-3FD8-42F7-A7B2-3C14C5911F0C}.Release|Win32.ActiveCfg = Release|Win32
		{C124F16C-3FD8-42F7-A7B2-3C14C5911F0C}.Release|Win32.Build.0 = Release|Win32
	EndGlobalSection
	GlobalSection(SolutionProperties) = preSolution
		HideSolutionNode = FALSE
	EndGlobalSection
EndGlobal
