
Microsoft Visual Studio Solution File, Format Version 10.00
# Visual C++ Express 2008
Project("{8BC9CEB8-8B4A-11D0-8D11-00A0C91BC942}") = "detect_by_section_names", "detect_by_section_names\detect_by_section_names.vcproj", "{4498AA3D-6AF1-4CCB-80F8-57CD5C30F170}"
EndProject
Global
	GlobalSection(SolutionConfigurationPlatforms) = preSolution
		Debug|Win32 = Debug|Win32
		Release|Win32 = Release|Win32
	EndGlobalSection
	GlobalSection(ProjectConfigurationPlatforms) = postSolution
		{4498AA3D-6AF1-4CCB-80F8-57CD5C30F170}.Debug|Win32.ActiveCfg = Debug|Win32
		{4498AA3D-6AF1-4CCB-80F8-57CD5C30F170}.Debug|Win32.Build.0 = Debug|Win32
		{4498AA3D-6AF1-4CCB-80F8-57CD5C30F170}.Release|Win32.ActiveCfg = Release|Win32
		{4498AA3D-6AF1-4CCB-80F8-57CD5C30F170}.Release|Win32.Build.0 = Release|Win32
	EndGlobalSection
	GlobalSection(SolutionProperties) = preSolution
		HideSolutionNode = FALSE
	EndGlobalSection
EndGlobal
