
Microsoft Visual Studio Solution File, Format Version 12.00
# Visual Studio 2012
Project("{8BC9CEB8-8B4A-11D0-8D11-00A0C91BC942}") = "ExecuteData1", "ExecuteData1\ExecuteData1.vcxproj", "{29FB25D4-6901-4D06-AB67-47DED12CADBA}"
EndProject
Global
	GlobalSection(SolutionConfigurationPlatforms) = preSolution
		Debug|Win32 = Debug|Win32
		Release|Win32 = Release|Win32
	EndGlobalSection
	GlobalSection(ProjectConfigurationPlatforms) = postSolution
		{29FB25D4-6901-4D06-AB67-47DED12CADBA}.Debug|Win32.ActiveCfg = Debug|Win32
		{29FB25D4-6901-4D06-AB67-47DED12CADBA}.Debug|Win32.Build.0 = Debug|Win32
		{29FB25D4-6901-4D06-AB67-47DED12CADBA}.Release|Win32.ActiveCfg = Release|Win32
		{29FB25D4-6901-4D06-AB67-47DED12CADBA}.Release|Win32.Build.0 = Release|Win32
	EndGlobalSection
	GlobalSection(SolutionProperties) = preSolution
		HideSolutionNode = FALSE
	EndGlobalSection
EndGlobal
